
Microsoft Visual Studio Solution File, Format Version 12.00
# Visual Studio Version 17
VisualStudioVersion = 17.5.001.0
MinimumVisualStudioVersion = 10.0.40219.1
Project("{9A19103F-16F7-4668-BE54-9A1E7A4F7556}") = "TimeOff.SQS.Employee", "TimeOff.SQS.Employee\TimeOff.SQS.Employee.csproj", "{F00001EA-5775-4F91-B5A6-61170DCC921E}"
EndProject
Project("{9A19103F-16F7-4668-BE54-9A1E7A4F7556}") = "TimeOff.SQS.Common", "TimeOff.SQS.Common\TimeOff.SQS.Common.csproj", "{264D31B3-68AC-4A84-A94E-72A622A86DEF}"
EndProject
Project("{FAE04EC0-301F-11D3-BF4B-00C04F79EFBC}") = "TimeOff.SQS.Manager", "TimeOff.SQS.Manager\TimeOff.SQS.Manager.csproj", "{0CA6DD86-DCA4-4E0B-BF4B-D326463F3820}"
EndProject
Project("{FAE04EC0-301F-11D3-BF4B-00C04F79EFBC}") = "TimeOff.SQS.Reader", "TimeOff.SQS.Reader\TimeOff.SQS.Reader.csproj", "{449EC006-0C7A-4916-B534-FB762868BC76}"
EndProject
Global
	GlobalSection(SolutionConfigurationPlatforms) = preSolution
		Debug|Any CPU = Debug|Any CPU
		Release|Any CPU = Release|Any CPU
	EndGlobalSection
	GlobalSection(ProjectConfigurationPlatforms) = postSolution
		{F00001EA-5775-4F91-B5A6-61170DCC921E}.Debug|Any CPU.ActiveCfg = Debug|Any CPU
		{F00001EA-5775-4F91-B5A6-61170DCC921E}.Debug|Any CPU.Build.0 = Debug|Any CPU
		{F00001EA-5775-4F91-B5A6-61170DCC921E}.Release|Any CPU.ActiveCfg = Release|Any CPU
		{F00001EA-5775-4F91-B5A6-61170DCC921E}.Release|Any CPU.Build.0 = Release|Any CPU
		{264D31B3-68AC-4A84-A94E-72A622A86DEF}.Debug|Any CPU.ActiveCfg = Debug|Any CPU
		{264D31B3-68AC-4A84-A94E-72A622A86DEF}.Debug|Any CPU.Build.0 = Debug|Any CPU
		{264D31B3-68AC-4A84-A94E-72A622A86DEF}.Release|Any CPU.ActiveCfg = Release|Any CPU
		{264D31B3-68AC-4A84-A94E-72A622A86DEF}.Release|Any CPU.Build.0 = Release|Any CPU
		{0CA6DD86-DCA4-4E0B-BF4B-D326463F3820}.Debug|Any CPU.ActiveCfg = Debug|Any CPU
		{0CA6DD86-DCA4-4E0B-BF4B-D326463F3820}.Debug|Any CPU.Build.0 = Debug|Any CPU
		{0CA6DD86-DCA4-4E0B-BF4B-D326463F3820}.Release|Any CPU.ActiveCfg = Release|Any CPU
		{0CA6DD86-DCA4-4E0B-BF4B-D326463F3820}.Release|Any CPU.Build.0 = Release|Any CPU
		{449EC006-0C7A-4916-B534-FB762868BC76}.Debug|Any CPU.ActiveCfg = Debug|Any CPU
		{449EC006-0C7A-4916-B534-FB762868BC76}.Debug|Any CPU.Build.0 = Debug|Any CPU
		{449EC006-0C7A-4916-B534-FB762868BC76}.Release|Any CPU.ActiveCfg = Release|Any CPU
		{449EC006-0C7A-4916-B534-FB762868BC76}.Release|Any CPU.Build.0 = Release|Any CPU
	EndGlobalSection
	GlobalSection(SolutionProperties) = preSolution
		HideSolutionNode = FALSE
	EndGlobalSection
	GlobalSection(ExtensibilityGlobals) = postSolution
		SolutionGuid = {787C4AD4-526D-40DB-8984-FDFE2694D0CB}
	EndGlobalSection
EndGlobal
